
Microsoft Visual Studio Solution File, Format Version 12.00
# Visual Studio Version 17
VisualStudioVersion = 17.8.34330.188
MinimumVisualStudioVersion = 10.0.40219.1
Project("{FAE04EC0-301F-11D3-BF4B-00C04F79EFBC}") = "CadastroPessoa12303135", "CadastroPessoa12303135\CadastroPessoa12303135.csproj", "{8B54C8BB-D630-4C04-9FE5-9C1748CBF531}"
EndProject
Global
	GlobalSection(SolutionConfigurationPlatforms) = preSolution
		Debug|Any CPU = Debug|Any CPU
		Release|Any CPU = Release|Any CPU
	EndGlobalSection
	GlobalSection(ProjectConfigurationPlatforms) = postSolution
		{8B54C8BB-D630-4C04-9FE5-9C1748CBF531}.Debug|Any CPU.ActiveCfg = Debug|Any CPU
		{8B54C8BB-D630-4C04-9FE5-9C1748CBF531}.Debug|Any CPU.Build.0 = Debug|Any CPU
		{8B54C8BB-D630-4C04-9FE5-9C1748CBF531}.Release|Any CPU.ActiveCfg = Release|Any CPU
		{8B54C8BB-D630-4C04-9FE5-9C1748CBF531}.Release|Any CPU.Build.0 = Release|Any CPU
	EndGlobalSection
	GlobalSection(SolutionProperties) = preSolution
		HideSolutionNode = FALSE
	EndGlobalSection
	GlobalSection(ExtensibilityGlobals) = postSolution
		SolutionGuid = {5273F062-DCE6-4999-8B04-071FCD5C3553}
	EndGlobalSection
EndGlobal
