
Microsoft Visual Studio Solution File, Format Version 12.00
# Visual Studio Version 17
VisualStudioVersion = 17.8.34330.188
MinimumVisualStudioVersion = 10.0.40219.1
Project("{FAE04EC0-301F-11D3-BF4B-00C04F79EFBC}") = "Ex1pag27", "Ex1pag27\Ex1pag27.csproj", "{4B6F091B-998C-4EFF-8F85-FA4360C0167A}"
EndProject
Global
	GlobalSection(SolutionConfigurationPlatforms) = preSolution
		Debug|Any CPU = Debug|Any CPU
		Release|Any CPU = Release|Any CPU
	EndGlobalSection
	GlobalSection(ProjectConfigurationPlatforms) = postSolution
		{4B6F091B-998C-4EFF-8F85-FA4360C0167A}.Debug|Any CPU.ActiveCfg = Debug|Any CPU
		{4B6F091B-998C-4EFF-8F85-FA4360C0167A}.Debug|Any CPU.Build.0 = Debug|Any CPU
		{4B6F091B-998C-4EFF-8F85-FA4360C0167A}.Release|Any CPU.ActiveCfg = Release|Any CPU
		{4B6F091B-998C-4EFF-8F85-FA4360C0167A}.Release|Any CPU.Build.0 = Release|Any CPU
	EndGlobalSection
	GlobalSection(SolutionProperties) = preSolution
		HideSolutionNode = FALSE
	EndGlobalSection
	GlobalSection(ExtensibilityGlobals) = postSolution
		SolutionGuid = {12C23657-3476-4DB3-9D30-84C37368B8D4}
	EndGlobalSection
EndGlobal
