
Microsoft Visual Studio Solution File, Format Version 12.00
# Visual Studio Version 17
VisualStudioVersion = 17.8.34330.188
MinimumVisualStudioVersion = 10.0.40219.1
Project("{FAE04EC0-301F-11D3-BF4B-00C04F79EFBC}") = "Ex7Pag34", "Ex7Pag34\Ex7Pag34.csproj", "{DBC5DBDB-3720-4843-90B9-D6C40320E04E}"
EndProject
Global
	GlobalSection(SolutionConfigurationPlatforms) = preSolution
		Debug|Any CPU = Debug|Any CPU
		Release|Any CPU = Release|Any CPU
	EndGlobalSection
	GlobalSection(ProjectConfigurationPlatforms) = postSolution
		{DBC5DBDB-3720-4843-90B9-D6C40320E04E}.Debug|Any CPU.ActiveCfg = Debug|Any CPU
		{DBC5DBDB-3720-4843-90B9-D6C40320E04E}.Debug|Any CPU.Build.0 = Debug|Any CPU
		{DBC5DBDB-3720-4843-90B9-D6C40320E04E}.Release|Any CPU.ActiveCfg = Release|Any CPU
		{DBC5DBDB-3720-4843-90B9-D6C40320E04E}.Release|Any CPU.Build.0 = Release|Any CPU
	EndGlobalSection
	GlobalSection(SolutionProperties) = preSolution
		HideSolutionNode = FALSE
	EndGlobalSection
	GlobalSection(ExtensibilityGlobals) = postSolution
		SolutionGuid = {33A714CD-C115-41F9-A929-D78AEAA0D933}
	EndGlobalSection
EndGlobal
