
Microsoft Visual Studio Solution File, Format Version 12.00
# Visual Studio Version 17
VisualStudioVersion = 17.8.34330.188
MinimumVisualStudioVersion = 10.0.40219.1
Project("{FAE04EC0-301F-11D3-BF4B-00C04F79EFBC}") = "Exercicio1", "Exercicio1\Exercicio1.csproj", "{880C41C6-84C8-421D-A70C-6594B49B3A48}"
EndProject
Global
	GlobalSection(SolutionConfigurationPlatforms) = preSolution
		Debug|Any CPU = Debug|Any CPU
		Release|Any CPU = Release|Any CPU
	EndGlobalSection
	GlobalSection(ProjectConfigurationPlatforms) = postSolution
		{880C41C6-84C8-421D-A70C-6594B49B3A48}.Debug|Any CPU.ActiveCfg = Debug|Any CPU
		{880C41C6-84C8-421D-A70C-6594B49B3A48}.Debug|Any CPU.Build.0 = Debug|Any CPU
		{880C41C6-84C8-421D-A70C-6594B49B3A48}.Release|Any CPU.ActiveCfg = Release|Any CPU
		{880C41C6-84C8-421D-A70C-6594B49B3A48}.Release|Any CPU.Build.0 = Release|Any CPU
	EndGlobalSection
	GlobalSection(SolutionProperties) = preSolution
		HideSolutionNode = FALSE
	EndGlobalSection
	GlobalSection(ExtensibilityGlobals) = postSolution
		SolutionGuid = {A94FFA33-18F8-41DF-8A8E-E938C111104E}
	EndGlobalSection
EndGlobal
